
Microsoft Visual Studio Solution File, Format Version 12.00
# Visual Studio 15
VisualStudioVersion = 15.0.27703.2042
MinimumVisualStudioVersion = 10.0.40219.1
Project("{FAE04EC0-301F-11D3-BF4B-00C04F79EFBC}") = "TiltMazePuzzle.UWP", "TiltMazePuzzle\TiltMazePuzzle.UWP\TiltMazePuzzle.UWP.csproj", "{4F595B73-151B-473A-8690-612FD38CEE4D}"
EndProject
Project("{FAE04EC0-301F-11D3-BF4B-00C04F79EFBC}") = "TiltMazePuzzle", "TiltMazePuzzle\TiltMazePuzzle\TiltMazePuzzle.csproj", "{5010A1B6-D2B1-4A73-955C-D163304F70D3}"
EndProject
Global
	GlobalSection(SolutionConfigurationPlatforms) = preSolution
		Ad-Hoc|Any CPU = Ad-Hoc|Any CPU
		Ad-Hoc|ARM = Ad-Hoc|ARM
		Ad-Hoc|iPhone = Ad-Hoc|iPhone
		Ad-Hoc|iPhoneSimulator = Ad-Hoc|iPhoneSimulator
		Ad-Hoc|x64 = Ad-Hoc|x64
		Ad-Hoc|x86 = Ad-Hoc|x86
		AppStore|Any CPU = AppStore|Any CPU
		AppStore|ARM = AppStore|ARM
		AppStore|iPhone = AppStore|iPhone
		AppStore|iPhoneSimulator = AppStore|iPhoneSimulator
		AppStore|x64 = AppStore|x64
		AppStore|x86 = AppStore|x86
		Debug|Any CPU = Debug|Any CPU
		Debug|ARM = Debug|ARM
		Debug|iPhone = Debug|iPhone
		Debug|iPhoneSimulator = Debug|iPhoneSimulator
		Debug|x64 = Debug|x64
		Debug|x86 = Debug|x86
		Release|Any CPU = Release|Any CPU
		Release|ARM = Release|ARM
		Release|iPhone = Release|iPhone
		Release|iPhoneSimulator = Release|iPhoneSimulator
		Release|x64 = Release|x64
		Release|x86 = Release|x86
	EndGlobalSection
	GlobalSection(ProjectConfigurationPlatforms) = postSolution
		{4F595B73-151B-473A-8690-612FD38CEE4D}.Ad-Hoc|Any CPU.ActiveCfg = Release|x86
		{4F595B73-151B-473A-8690-612FD38CEE4D}.Ad-Hoc|Any CPU.Build.0 = Release|x86
		{4F595B73-151B-473A-8690-612FD38CEE4D}.Ad-Hoc|Any CPU.Deploy.0 = Release|x86
		{4F595B73-151B-473A-8690-612FD38CEE4D}.Ad-Hoc|ARM.ActiveCfg = Release|ARM
		{4F595B73-151B-473A-8690-612FD38CEE4D}.Ad-Hoc|ARM.Build.0 = Release|ARM
		{4F595B73-151B-473A-8690-612FD38CEE4D}.Ad-Hoc|ARM.Deploy.0 = Release|ARM
		{4F595B73-151B-473A-8690-612FD38CEE4D}.Ad-Hoc|iPhone.ActiveCfg = Release|x86
		{4F595B73-151B-473A-8690-612FD38CEE4D}.Ad-Hoc|iPhone.Build.0 = Release|x86
		{4F595B73-151B-473A-8690-612FD38CEE4D}.Ad-Hoc|iPhone.Deploy.0 = Release|x86
		{4F595B73-151B-473A-8690-612FD38CEE4D}.Ad-Hoc|iPhoneSimulator.ActiveCfg = Release|x86
		{4F595B73-151B-473A-8690-612FD38CEE4D}.Ad-Hoc|iPhoneSimulator.Build.0 = Release|x86
		{4F595B73-151B-473A-8690-612FD38CEE4D}.Ad-Hoc|iPhoneSimulator.Deploy.0 = Release|x86
		{4F595B73-151B-473A-8690-612FD38CEE4D}.Ad-Hoc|x64.ActiveCfg = Release|x64
		{4F595B73-151B-473A-8690-612FD38CEE4D}.Ad-Hoc|x64.Build.0 = Release|x64
		{4F595B73-151B-473A-8690-612FD38CEE4D}.Ad-Hoc|x64.Deploy.0 = Release|x64
		{4F595B73-151B-473A-8690-612FD38CEE4D}.Ad-Hoc|x86.ActiveCfg = Release|x86
		{4F595B73-151B-473A-8690-612FD38CEE4D}.Ad-Hoc|x86.Build.0 = Release|x86
		{4F595B73-151B-473A-8690-612FD38CEE4D}.Ad-Hoc|x86.Deploy.0 = Release|x86
		{4F595B73-151B-473A-8690-612FD38CEE4D}.AppStore|Any CPU.ActiveCfg = Release|x86
		{4F595B73-151B-473A-8690-612FD38CEE4D}.AppStore|Any CPU.Build.0 = Release|x86
		{4F595B73-151B-473A-8690-612FD38CEE4D}.AppStore|Any CPU.Deploy.0 = Release|x86
		{4F595B73-151B-473A-8690-612FD38CEE4D}.AppStore|ARM.ActiveCfg = Release|ARM
		{4F595B73-151B-473A-8690-612FD38CEE4D}.AppStore|ARM.Build.0 = Release|ARM
		{4F595B73-151B-473A-8690-612FD38CEE4D}.AppStore|ARM.Deploy.0 = Release|ARM
		{4F595B73-151B-473A-8690-612FD38CEE4D}.AppStore|iPhone.ActiveCfg = Release|x86
		{4F595B73-151B-473A-8690-612FD38CEE4D}.AppStore|iPhone.Build.0 = Release|x86
		{4F595B73-151B-473A-8690-612FD38CEE4D}.AppStore|iPhone.Deploy.0 = Release|x86
		{4F595B73-151B-473A-8690-612FD38CEE4D}.AppStore|iPhoneSimulator.ActiveCfg = Release|x86
		{4F595B73-151B-473A-8690-612FD38CEE4D}.AppStore|iPhoneSimulator.Build.0 = Release|x86
		{4F595B73-151B-473A-8690-612FD38CEE4D}.AppStore|iPhoneSimulator.Deploy.0 = Release|x86
		{4F595B73-151B-473A-8690-612FD38CEE4D}.AppStore|x64.ActiveCfg = Release|x64
		{4F595B73-151B-473A-8690-612FD38CEE4D}.AppStore|x64.Build.0 = Release|x64
		{4F595B73-151B-473A-8690-612FD38CEE4D}.AppStore|x64.Deploy.0 = Release|x64
		{4F595B73-151B-473A-8690-612FD38CEE4D}.AppStore|x86.ActiveCfg = Release|x86
		{4F595B73-151B-473A-8690-612FD38CEE4D}.AppStore|x86.Build.0 = Release|x86
		{4F595B73-151B-473A-8690-612FD38CEE4D}.AppStore|x86.Deploy.0 = Release|x86
		{4F595B73-151B-473A-8690-612FD38CEE4D}.Debug|Any CPU.ActiveCfg = Debug|x86
		{4F595B73-151B-473A-8690-612FD38CEE4D}.Debug|Any CPU.Build.0 = Debug|x86
		{4F595B73-151B-473A-8690-612FD38CEE4D}.Debug|Any CPU.Deploy.0 = Debug|x86
		{4F595B73-151B-473A-8690-612FD38CEE4D}.Debug|ARM.ActiveCfg = Debug|ARM
		{4F595B73-151B-473A-8690-612FD38CEE4D}.Debug|ARM.Build.0 = Debug|ARM
		{4F595B73-151B-473A-8690-612FD38CEE4D}.Debug|ARM.Deploy.0 = Debug|ARM
		{4F595B73-151B-473A-8690-612FD38CEE4D}.Debug|iPhone.ActiveCfg = Debug|x86
		{4F595B73-151B-473A-8690-612FD38CEE4D}.Debug|iPhone.Build.0 = Debug|x86
		{4F595B73-151B-473A-8690-612FD38CEE4D}.Debug|iPhone.Deploy.0 = Debug|x86
		{4F595B73-151B-473A-8690-612FD38CEE4D}.Debug|iPhoneSimulator.ActiveCfg = Debug|x86
		{4F595B73-151B-473A-8690-612FD38CEE4D}.Debug|iPhoneSimulator.Build.0 = Debug|x86
		{4F595B73-151B-473A-8690-612FD38CEE4D}.Debug|iPhoneSimulator.Deploy.0 = Debug|x86
		{4F595B73-151B-473A-8690-612FD38CEE4D}.Debug|x64.ActiveCfg = Debug|x64
		{4F595B73-151B-473A-8690-612FD38CEE4D}.Debug|x64.Build.0 = Debug|x64
		{4F595B73-151B-473A-8690-612FD38CEE4D}.Debug|x64.Deploy.0 = Debug|x64
		{4F595B73-151B-473A-8690-612FD38CEE4D}.Debug|x86.ActiveCfg = Debug|x86
		{4F595B73-151B-473A-8690-612FD38CEE4D}.Debug|x86.Build.0 = Debug|x86
		{4F595B73-151B-473A-8690-612FD38CEE4D}.Debug|x86.Deploy.0 = Debug|x86
		{4F595B73-151B-473A-8690-612FD38CEE4D}.Release|Any CPU.ActiveCfg = Release|x86
		{4F595B73-151B-473A-8690-612FD38CEE4D}.Release|Any CPU.Build.0 = Release|x86
		{4F595B73-151B-473A-8690-612FD38CEE4D}.Release|Any CPU.Deploy.0 = Release|x86
		{4F595B73-151B-473A-8690-612FD38CEE4D}.Release|ARM.ActiveCfg = Release|ARM
		{4F595B73-151B-473A-8690-612FD38CEE4D}.Release|ARM.Build.0 = Release|ARM
		{4F595B73-151B-473A-8690-612FD38CEE4D}.Release|ARM.Deploy.0 = Release|ARM
		{4F595B73-151B-473A-8690-612FD38CEE4D}.Release|iPhone.ActiveCfg = Release|x86
		{4F595B73-151B-473A-8690-612FD38CEE4D}.Release|iPhone.Build.0 = Release|x86
		{4F595B73-151B-473A-8690-612FD38CEE4D}.Release|iPhone.Deploy.0 = Release|x86
		{4F595B73-151B-473A-8690-612FD38CEE4D}.Release|iPhoneSimulator.ActiveCfg = Release|x86
		{4F595B73-151B-473A-8690-612FD38CEE4D}.Release|iPhoneSimulator.Build.0 = Release|x86
		{4F595B73-151B-473A-8690-612FD38CEE4D}.Release|iPhoneSimulator.Deploy.0 = Release|x86
		{4F595B73-151B-473A-8690-612FD38CEE4D}.Release|x64.ActiveCfg = Release|x64
		{4F595B73-151B-473A-8690-612FD38CEE4D}.Release|x64.Build.0 = Release|x64
		{4F595B73-151B-473A-8690-612FD38CEE4D}.Release|x64.Deploy.0 = Release|x64
		{4F595B73-151B-473A-8690-612FD38CEE4D}.Release|x86.ActiveCfg = Release|x86
		{4F595B73-151B-473A-8690-612FD38CEE4D}.Release|x86.Build.0 = Release|x86
		{4F595B73-151B-473A-8690-612FD38CEE4D}.Release|x86.Deploy.0 = Release|x86
		{5010A1B6-D2B1-4A73-955C-D163304F70D3}.Ad-Hoc|Any CPU.ActiveCfg = Release|Any CPU
		{5010A1B6-D2B1-4A73-955C-D163304F70D3}.Ad-Hoc|Any CPU.Build.0 = Release|Any CPU
		{5010A1B6-D2B1-4A73-955C-D163304F70D3}.Ad-Hoc|ARM.ActiveCfg = Release|Any CPU
		{5010A1B6-D2B1-4A73-955C-D163304F70D3}.Ad-Hoc|ARM.Build.0 = Release|Any CPU
		{5010A1B6-D2B1-4A73-955C-D163304F70D3}.Ad-Hoc|iPhone.ActiveCfg = Release|Any CPU
		{5010A1B6-D2B1-4A73-955C-D163304F70D3}.Ad-Hoc|iPhone.Build.0 = Release|Any CPU
		{5010A1B6-D2B1-4A73-955C-D163304F70D3}.Ad-Hoc|iPhoneSimulator.ActiveCfg = Release|Any CPU
		{5010A1B6-D2B1-4A73-955C-D163304F70D3}.Ad-Hoc|iPhoneSimulator.Build.0 = Release|Any CPU
		{5010A1B6-D2B1-4A73-955C-D163304F70D3}.Ad-Hoc|x64.ActiveCfg = Release|Any CPU
		{5010A1B6-D2B1-4A73-955C-D163304F70D3}.Ad-Hoc|x64.Build.0 = Release|Any CPU
		{5010A1B6-D2B1-4A73-955C-D163304F70D3}.Ad-Hoc|x86.ActiveCfg = Release|Any CPU
		{5010A1B6-D2B1-4A73-955C-D163304F70D3}.Ad-Hoc|x86.Build.0 = Release|Any CPU
		{5010A1B6-D2B1-4A73-955C-D163304F70D3}.AppStore|Any CPU.ActiveCfg = Release|Any CPU
		{5010A1B6-D2B1-4A73-955C-D163304F70D3}.AppStore|Any CPU.Build.0 = Release|Any CPU
		{5010A1B6-D2B1-4A73-955C-D163304F70D3}.AppStore|ARM.ActiveCfg = Release|Any CPU
		{5010A1B6-D2B1-4A73-955C-D163304F70D3}.AppStore|ARM.Build.0 = Release|Any CPU
		{5010A1B6-D2B1-4A73-955C-D163304F70D3}.AppStore|iPhone.ActiveCfg = Release|Any CPU
		{5010A1B6-D2B1-4A73-955C-D163304F70D3}.AppStore|iPhone.Build.0 = Release|Any CPU
		{5010A1B6-D2B1-4A73-955C-D163304F70D3}.AppStore|iPhoneSimulator.ActiveCfg = Release|Any CPU
		{5010A1B6-D2B1-4A73-955C-D163304F70D3}.AppStore|iPhoneSimulator.Build.0 = Release|Any CPU
		{5010A1B6-D2B1-4A73-955C-D163304F70D3}.AppStore|x64.ActiveCfg = Release|Any CPU
		{5010A1B6-D2B1-4A73-955C-D163304F70D3}.AppStore|x64.Build.0 = Release|Any CPU
		{5010A1B6-D2B1-4A73-955C-D163304F70D3}.AppStore|x86.ActiveCfg = Release|Any CPU
		{5010A1B6-D2B1-4A73-955C-D163304F70D3}.AppStore|x86.Build.0 = Release|Any CPU
		{5010A1B6-D2B1-4A73-955C-D163304F70D3}.Debug|Any CPU.ActiveCfg = Debug|Any CPU
		{5010A1B6-D2B1-4A73-955C-D163304F70D3}.Debug|Any CPU.Build.0 = Debug|Any CPU
		{5010A1B6-D2B1-4A73-955C-D163304F70D3}.Debug|ARM.ActiveCfg = Debug|Any CPU
		{5010A1B6-D2B1-4A73-955C-D163304F70D3}.Debug|ARM.Build.0 = Debug|Any CPU
		{5010A1B6-D2B1-4A73-955C-D163304F70D3}.Debug|iPhone.ActiveCfg = Debug|Any CPU
		{5010A1B6-D2B1-4A73-955C-D163304F70D3}.Debug|iPhone.Build.0 = Debug|Any CPU
		{5010A1B6-D2B1-4A73-955C-D163304F70D3}.Debug|iPhoneSimulator.ActiveCfg = Debug|Any CPU
		{5010A1B6-D2B1-4A73-955C-D163304F70D3}.Debug|iPhoneSimulator.Build.0 = Debug|Any CPU
		{5010A1B6-D2B1-4A73-955C-D163304F70D3}.Debug|x64.ActiveCfg = Debug|Any CPU
		{5010A1B6-D2B1-4A73-955C-D163304F70D3}.Debug|x64.Build.0 = Debug|Any CPU
		{5010A1B6-D2B1-4A73-955C-D163304F70D3}.Debug|x86.ActiveCfg = Debug|Any CPU
		{5010A1B6-D2B1-4A73-955C-D163304F70D3}.Debug|x86.Build.0 = Debug|Any CPU
		{5010A1B6-D2B1-4A73-955C-D163304F70D3}.Release|Any CPU.ActiveCfg = Release|Any CPU
		{5010A1B6-D2B1-4A73-955C-D163304F70D3}.Release|Any CPU.Build.0 = Release|Any CPU
		{5010A1B6-D2B1-4A73-955C-D163304F70D3}.Release|ARM.ActiveCfg = Release|Any CPU
		{5010A1B6-D2B1-4A73-955C-D163304F70D3}.Release|ARM.Build.0 = Release|Any CPU
		{5010A1B6-D2B1-4A73-955C-D163304F70D3}.Release|iPhone.ActiveCfg = Release|Any CPU
		{5010A1B6-D2B1-4A73-955C-D163304F70D3}.Release|iPhone.Build.0 = Release|Any CPU
		{5010A1B6-D2B1-4A73-955C-D163304F70D3}.Release|iPhoneSimulator.ActiveCfg = Release|Any CPU
		{5010A1B6-D2B1-4A73-955C-D163304F70D3}.Release|iPhoneSimulator.Build.0 = Release|Any CPU
		{5010A1B6-D2B1-4A73-955C-D163304F70D3}.Release|x64.ActiveCfg = Release|Any CPU
		{5010A1B6-D2B1-4A73-955C-D163304F70D3}.Release|x64.Build.0 = Release|Any CPU
		{5010A1B6-D2B1-4A73-955C-D163304F70D3}.Release|x86.ActiveCfg = Release|Any CPU
		{5010A1B6-D2B1-4A73-955C-D163304F70D3}.Release|x86.Build.0 = Release|Any CPU
	EndGlobalSection
	GlobalSection(SolutionProperties) = preSolution
		HideSolutionNode = FALSE
	EndGlobalSection
	GlobalSection(ExtensibilityGlobals) = postSolution
		SolutionGuid = {95512F3D-FF14-4B81-8B4B-996BCEC1022B}
	EndGlobalSection
EndGlobal
